<?xml version="1.0" encoding="utf-8"?>
<Project ToolsVersion="4.0" xmlns="http://schemas.microsoft.com/developer/msbuild/2003">
  <ItemGroup>
    <Filter Include="Quelldateien">
      <UniqueIdentifier>{4FC737F1-C7A5-4376-A066-2A32D752A2FF}</UniqueIdentifier>
      <Extensions>cpp;c;cc;cxx;def;odl;idl;hpj;bat;asm;asmx</Extensions>
    </Filter>
    <Filter Include="Quelldateien\utils">
      <UniqueIdentifier>{160ebd8c-ee62-439f-acb6-44249b040596}</UniqueIdentifier>
    </Filter>
    <Filter Include="Quelldateien\utils\models">
      <UniqueIdentifier>{dc5fa6cb-f125-4307-a116-1ce45c5c7f0b}</UniqueIdentifier>
    </Filter>
    <Filter Include="Quelldateien\utils\shader">
      <UniqueIdentifier>{6a54a247-36e2-4ceb-a2f9-a70627911295}</UniqueIdentifier>
    </Filter>
    <Filter Include="Quelldateien\utils\lights">
      <UniqueIdentifier>{0e2a75e8-af03-4a54-82b6-2dd27e130b0f}</UniqueIdentifier>
    </Filter>
    <Filter Include="Quelldateien\utils\util">
      <UniqueIdentifier>{c817caf9-5b5a-4c75-ba93-0eb97e38e4d2}</UniqueIdentifier>
    </Filter>
    <Filter Include="Quelldateien\game">
      <UniqueIdentifier>{a1ffb1ae-499b-4f94-9552-1e36ab601008}</UniqueIdentifier>
    </Filter>
    <Filter Include="Quelldateien\utils\physics">
      <UniqueIdentifier>{1628de27-7082-416d-9187-c2ac1053d860}</UniqueIdentifier>
    </Filter>
    <Filter Include="Quelldateien\game\gameObjects">
      <UniqueIdentifier>{05a8b8a6-7d1c-454b-9deb-728e052bdcde}</UniqueIdentifier>
    </Filter>
    <Filter Include="Quelldateien\game\gameObjects\components">
      <UniqueIdentifier>{1ee4736e-6400-40c2-9ef7-661a17355aaa}</UniqueIdentifier>
    </Filter>
    <Filter Include="Quelldateien\game\gameObjects\components\colliders">
      <UniqueIdentifier>{9fe65574-d659-4cb6-87cd-cf3288ac02a7}</UniqueIdentifier>
    </Filter>
    <Filter Include="Quelldateien\game\scenes">
      <UniqueIdentifier>{7fafb112-34ad-4564-a76b-c2d9d2600ebc}</UniqueIdentifier>
    </Filter>
    <Filter Include="Quelldateien\game\interfaces">
      <UniqueIdentifier>{3722f4a7-a83b-41ff-8cbd-84d40e98a5e5}</UniqueIdentifier>
    </Filter>
    <Filter Include="Quelldateien\game\customComponents">
      <UniqueIdentifier>{f06ea42d-1c4f-4080-8af1-db79b0f8b75f}</UniqueIdentifier>
    </Filter>
    <Filter Include="Quelldateien\game\singeltons">
      <UniqueIdentifier>{c3f49c73-1e17-4f9c-9da7-578d11a676d1}</UniqueIdentifier>
    </Filter>
    <Filter Include="Quelldateien\utils\physics\boundingVolumes">
      <UniqueIdentifier>{ea836192-c9a2-4790-b67b-8bc069f0bab7}</UniqueIdentifier>
    </Filter>
    <Filter Include="Quelldateien\utils\postprocessing">
      <UniqueIdentifier>{376c6109-5c8b-4dd8-bc8b-3b6f2478023a}</UniqueIdentifier>
    </Filter>
  </ItemGroup>
  <ItemGroup>
    <ClCompile Include="..\..\src\main.cpp">
      <Filter>Quelldateien</Filter>
    </ClCompile>
    <ClCompile Include="..\..\src\Camera.cpp">
      <Filter>Quelldateien\utils</Filter>
    </ClCompile>
    <ClCompile Include="..\..\src\IndexBuffer.cpp">
      <Filter>Quelldateien\utils</Filter>
    </ClCompile>
    <ClCompile Include="..\..\src\Application.cpp">
      <Filter>Quelldateien</Filter>
    </ClCompile>
    <ClCompile Include="..\..\src\Matrix.cpp">
      <Filter>Quelldateien\utils</Filter>
    </ClCompile>
    <ClCompile Include="..\..\src\Texture.cpp">
      <Filter>Quelldateien\utils</Filter>
    </ClCompile>
    <ClCompile Include="..\..\src\VertexBuffer.cpp">
      <Filter>Quelldateien\utils</Filter>
    </ClCompile>
    <ClCompile Include="..\..\src\BaseModel.cpp">
      <Filter>Quelldateien\utils\models</Filter>
    </ClCompile>
    <ClCompile Include="..\..\src\BaseShader.cpp">
      <Filter>Quelldateien\utils\shader</Filter>
    </ClCompile>
    <ClCompile Include="..\..\src\ConstantShader.cpp">
      <Filter>Quelldateien\utils\shader</Filter>
    </ClCompile>
    <ClCompile Include="..\..\src\LineBoxModel.cpp">
      <Filter>Quelldateien\utils\models</Filter>
    </ClCompile>
    <ClCompile Include="..\..\src\LinePlaneModel.cpp">
      <Filter>Quelldateien\utils\models</Filter>
    </ClCompile>
    <ClCompile Include="..\..\src\TriangleBoxModel.cpp">
      <Filter>Quelldateien\utils\models</Filter>
    </ClCompile>
    <ClCompile Include="..\..\src\TrianglePlaneModel.cpp">
      <Filter>Quelldateien\utils\models</Filter>
    </ClCompile>
    <ClCompile Include="..\..\src\TriangleSphereModel.cpp">
      <Filter>Quelldateien\utils\models</Filter>
    </ClCompile>
    <ClCompile Include="..\..\src\PhongShader.cpp">
      <Filter>Quelldateien\utils\shader</Filter>
    </ClCompile>
    <ClCompile Include="..\..\src\color.cpp">
      <Filter>Quelldateien\utils\util</Filter>
    </ClCompile>
    <ClCompile Include="..\..\src\vector.cpp">
      <Filter>Quelldateien\utils\util</Filter>
    </ClCompile>
    <ClCompile Include="..\..\src\rgbimage.cpp">
      <Filter>Quelldateien\utils\util</Filter>
    </ClCompile>
    <ClCompile Include="..\..\src\Model.cpp">
      <Filter>Quelldateien\utils\models</Filter>
    </ClCompile>
    <ClCompile Include="..\..\src\Lights.cpp">
      <Filter>Quelldateien\utils\lights</Filter>
    </ClCompile>
    <ClCompile Include="..\..\src\ShaderLightMapper.cpp">
      <Filter>Quelldateien\utils\lights</Filter>
    </ClCompile>
    <ClCompile Include="..\..\src\Framebuffer.cpp">
      <Filter>Quelldateien\utils</Filter>
    </ClCompile>
    <ClCompile Include="..\..\src\ShadowMapGenerator.cpp">
      <Filter>Quelldateien\utils\lights</Filter>
    </ClCompile>
    <ClCompile Include="..\..\src\CollisionHelper.cpp">
      <Filter>Quelldateien\utils\physics</Filter>
    </ClCompile>
    <ClCompile Include="..\..\src\Game.cpp">
      <Filter>Quelldateien\game</Filter>
    </ClCompile>
    <ClCompile Include="..\..\src\GameObject.cpp">
      <Filter>Quelldateien\game\gameObjects</Filter>
    </ClCompile>
    <ClCompile Include="..\..\src\Component.cpp">
      <Filter>Quelldateien\game\gameObjects\components</Filter>
    </ClCompile>
    <ClCompile Include="..\..\src\Collider.cpp">
      <Filter>Quelldateien\game\gameObjects\components\colliders</Filter>
    </ClCompile>
    <ClCompile Include="..\..\src\MeshRenderer.cpp">
      <Filter>Quelldateien\game\gameObjects\components</Filter>
    </ClCompile>
    <ClCompile Include="..\..\src\Scene.cpp">
      <Filter>Quelldateien\game\scenes</Filter>
    </ClCompile>
    <ClCompile Include="..\..\src\TestController.cpp">
      <Filter>Quelldateien\game\customComponents</Filter>
    </ClCompile>
    <ClCompile Include="..\..\src\BoxCollider.cpp">
      <Filter>Quelldateien\game\gameObjects\components\colliders</Filter>
    </ClCompile>
    <ClCompile Include="..\..\src\OBB.cpp">
      <Filter>Quelldateien\utils\physics\boundingVolumes</Filter>
    </ClCompile>
    <ClCompile Include="..\..\src\Aabb.cpp">
      <Filter>Quelldateien\utils\physics\boundingVolumes</Filter>
    </ClCompile>
    <ClCompile Include="..\..\src\Prefab.cpp">
      <Filter>Quelldateien\game\gameObjects</Filter>
    </ClCompile>
    <ClCompile Include="..\..\src\PostProcessing.cpp">
      <Filter>Quelldateien\utils\postprocessing</Filter>
    </ClCompile>
    <ClCompile Include="..\..\src\ScreenShader.cpp">
      <Filter>Quelldateien\utils\shader</Filter>
    </ClCompile>
    <ClCompile Include="..\..\src\LightComponent.cpp">
      <Filter>Quelldateien\game\gameObjects\components</Filter>
    </ClCompile>
  </ItemGroup>
  <ItemGroup>
    <ClInclude Include="..\..\src\Camera.h">
      <Filter>Quelldateien\utils</Filter>
    </ClInclude>
    <ClInclude Include="..\..\src\IndexBuffer.h">
      <Filter>Quelldateien\utils</Filter>
    </ClInclude>
    <ClInclude Include="..\..\src\Application.h">
      <Filter>Quelldateien</Filter>
    </ClInclude>
    <ClInclude Include="..\..\src\Matrix.h">
      <Filter>Quelldateien\utils</Filter>
    </ClInclude>
    <ClInclude Include="..\..\src\Texture.h">
      <Filter>Quelldateien\utils</Filter>
    </ClInclude>
    <ClInclude Include="..\..\src\VertexBuffer.h">
      <Filter>Quelldateien\utils</Filter>
    </ClInclude>
    <ClInclude Include="..\..\src\BaseModel.h">
      <Filter>Quelldateien\utils\models</Filter>
    </ClInclude>
    <ClInclude Include="..\..\src\BaseShader.h">
      <Filter>Quelldateien\utils\shader</Filter>
    </ClInclude>
    <ClInclude Include="..\..\src\ConstantShader.h">
      <Filter>Quelldateien\utils\shader</Filter>
    </ClInclude>
    <ClInclude Include="..\..\src\LineBoxModel.h">
      <Filter>Quelldateien\utils\models</Filter>
    </ClInclude>
    <ClInclude Include="..\..\src\LinePlaneModel.h">
      <Filter>Quelldateien\utils\models</Filter>
    </ClInclude>
    <ClInclude Include="..\..\src\TriangleBoxModel.h">
      <Filter>Quelldateien\utils\models</Filter>
    </ClInclude>
    <ClInclude Include="..\..\src\TrianglePlaneModel.h">
      <Filter>Quelldateien\utils\models</Filter>
    </ClInclude>
    <ClInclude Include="..\..\src\TriangleSphereModel.h">
      <Filter>Quelldateien\utils\models</Filter>
    </ClInclude>
    <ClInclude Include="..\..\src\PhongShader.h">
      <Filter>Quelldateien\utils\shader</Filter>
    </ClInclude>
    <ClInclude Include="..\..\src\color.h">
      <Filter>Quelldateien\utils\util</Filter>
    </ClInclude>
    <ClInclude Include="..\..\src\vector.h">
      <Filter>Quelldateien\utils\util</Filter>
    </ClInclude>
    <ClInclude Include="..\..\src\rgbimage.h">
      <Filter>Quelldateien\utils\util</Filter>
    </ClInclude>
    <ClInclude Include="..\..\src\Model.h">
      <Filter>Quelldateien\utils\models</Filter>
    </ClInclude>
    <ClInclude Include="..\..\src\Lights.h">
      <Filter>Quelldateien\utils\lights</Filter>
    </ClInclude>
    <ClInclude Include="..\..\src\ShaderLightMapper.h">
      <Filter>Quelldateien\utils\lights</Filter>
    </ClInclude>
    <ClInclude Include="..\..\src\Framebuffer.h">
      <Filter>Quelldateien\utils</Filter>
    </ClInclude>
    <ClInclude Include="..\..\src\ShadowMapGenerator.h">
      <Filter>Quelldateien\utils\lights</Filter>
    </ClInclude>
    <ClInclude Include="..\..\src\CollisionHelper.h">
      <Filter>Quelldateien\utils\physics</Filter>
    </ClInclude>
    <ClInclude Include="..\..\src\Game.h">
      <Filter>Quelldateien\game</Filter>
    </ClInclude>
    <ClInclude Include="..\..\src\GameObject.h">
      <Filter>Quelldateien\game\gameObjects</Filter>
    </ClInclude>
    <ClInclude Include="..\..\src\Component.h">
      <Filter>Quelldateien\game\gameObjects\components</Filter>
    </ClInclude>
    <ClInclude Include="..\..\src\Collider.h">
      <Filter>Quelldateien\game\gameObjects\components\colliders</Filter>
    </ClInclude>
    <ClInclude Include="..\..\src\MeshRenderer.h">
      <Filter>Quelldateien\game\gameObjects\components</Filter>
    </ClInclude>
    <ClInclude Include="..\..\src\Scene.h">
      <Filter>Quelldateien\game\scenes</Filter>
    </ClInclude>
    <ClInclude Include="..\..\src\LifecycleObject.h">
      <Filter>Quelldateien\game\interfaces</Filter>
    </ClInclude>
    <ClInclude Include="..\..\src\InputManager.h">
      <Filter>Quelldateien\game\singeltons</Filter>
    </ClInclude>
    <ClInclude Include="..\..\src\CameraManager.h">
      <Filter>Quelldateien\game\singeltons</Filter>
    </ClInclude>
    <ClInclude Include="..\..\src\TestController.h">
      <Filter>Quelldateien\game\customComponents</Filter>
    </ClInclude>
    <ClInclude Include="..\..\src\GameObjectInterface.h">
      <Filter>Quelldateien\game\gameObjects</Filter>
    </ClInclude>
    <ClInclude Include="..\..\src\BoxCollider.h">
      <Filter>Quelldateien\game\gameObjects\components\colliders</Filter>
    </ClInclude>
    <ClInclude Include="..\..\src\OBB.h">
      <Filter>Quelldateien\utils\physics\boundingVolumes</Filter>
    </ClInclude>
    <ClInclude Include="..\..\src\Aabb.h">
      <Filter>Quelldateien\utils\physics\boundingVolumes</Filter>
    </ClInclude>
    <ClInclude Include="..\..\src\Prefab.h">
      <Filter>Quelldateien\game\gameObjects</Filter>
    </ClInclude>
    <ClInclude Include="..\..\src\PostProcessing.h">
      <Filter>Quelldateien\utils\postprocessing</Filter>
    </ClInclude>
    <ClInclude Include="..\..\src\ScreenShader.h">
      <Filter>Quelldateien\utils\shader</Filter>
    </ClInclude>
    <ClInclude Include="..\..\src\LightComponent.h">
      <Filter>Quelldateien\game\gameObjects\components</Filter>
    </ClInclude>
  </ItemGroup>
</Project>